
Microsoft Visual Studio Solution File, Format Version 12.00
# Visual Studio Version 17
VisualStudioVersion = 17.0.31903.59
MinimumVisualStudioVersion = 10.0.40219.1
Project("{FAE04EC0-301F-11D3-BF4B-00C04F79EFBC}") = "Vocabulary", "Vocabulary\Vocabulary.csproj", "{9222B389-4EA8-4C6B-A2ED-7E66A0FD0BC1}"
EndProject
Project("{FAE04EC0-301F-11D3-BF4B-00C04F79EFBC}") = "Numbers", "Numbers\Numbers.csproj", "{2078CF6D-0C9A-4C01-ADC6-9706E94528D3}"
EndProject
Project("{FAE04EC0-301F-11D3-BF4B-00C04F79EFBC}") = "Variables", "Variables\Variables.csproj", "{61B824A9-F1F3-4CBA-89E3-E87DB0C7D2F1}"
EndProject
Project("{FAE04EC0-301F-11D3-BF4B-00C04F79EFBC}") = "Formatting", "Formatting\Formatting.csproj", "{09F6AEDD-C523-4A09-9905-B6A14687FEFB}"
EndProject
Project("{FAE04EC0-301F-11D3-BF4B-00C04F79EFBC}") = "Arguments", "Arguments\Arguments.csproj", "{F6BFECAC-5103-4BEB-A524-6FCAF461CEC5}"
EndProject
Project("{FAE04EC0-301F-11D3-BF4B-00C04F79EFBC}") = "AsyncConsole", "AsyncConsole\AsyncConsole.csproj", "{AC736F08-EF55-46CB-A68D-2E2C37FEFB4E}"
EndProject
Global
	GlobalSection(SolutionConfigurationPlatforms) = preSolution
		Debug|Any CPU = Debug|Any CPU
		Release|Any CPU = Release|Any CPU
	EndGlobalSection
	GlobalSection(SolutionProperties) = preSolution
		HideSolutionNode = FALSE
	EndGlobalSection
	GlobalSection(ProjectConfigurationPlatforms) = postSolution
		{9222B389-4EA8-4C6B-A2ED-7E66A0FD0BC1}.Debug|Any CPU.ActiveCfg = Debug|Any CPU
		{9222B389-4EA8-4C6B-A2ED-7E66A0FD0BC1}.Debug|Any CPU.Build.0 = Debug|Any CPU
		{9222B389-4EA8-4C6B-A2ED-7E66A0FD0BC1}.Release|Any CPU.ActiveCfg = Release|Any CPU
		{9222B389-4EA8-4C6B-A2ED-7E66A0FD0BC1}.Release|Any CPU.Build.0 = Release|Any CPU
		{2078CF6D-0C9A-4C01-ADC6-9706E94528D3}.Debug|Any CPU.ActiveCfg = Debug|Any CPU
		{2078CF6D-0C9A-4C01-ADC6-9706E94528D3}.Debug|Any CPU.Build.0 = Debug|Any CPU
		{2078CF6D-0C9A-4C01-ADC6-9706E94528D3}.Release|Any CPU.ActiveCfg = Release|Any CPU
		{2078CF6D-0C9A-4C01-ADC6-9706E94528D3}.Release|Any CPU.Build.0 = Release|Any CPU
		{61B824A9-F1F3-4CBA-89E3-E87DB0C7D2F1}.Debug|Any CPU.ActiveCfg = Debug|Any CPU
		{61B824A9-F1F3-4CBA-89E3-E87DB0C7D2F1}.Debug|Any CPU.Build.0 = Debug|Any CPU
		{61B824A9-F1F3-4CBA-89E3-E87DB0C7D2F1}.Release|Any CPU.ActiveCfg = Release|Any CPU
		{61B824A9-F1F3-4CBA-89E3-E87DB0C7D2F1}.Release|Any CPU.Build.0 = Release|Any CPU
		{09F6AEDD-C523-4A09-9905-B6A14687FEFB}.Debug|Any CPU.ActiveCfg = Debug|Any CPU
		{09F6AEDD-C523-4A09-9905-B6A14687FEFB}.Debug|Any CPU.Build.0 = Debug|Any CPU
		{09F6AEDD-C523-4A09-9905-B6A14687FEFB}.Release|Any CPU.ActiveCfg = Release|Any CPU
		{09F6AEDD-C523-4A09-9905-B6A14687FEFB}.Release|Any CPU.Build.0 = Release|Any CPU
		{F6BFECAC-5103-4BEB-A524-6FCAF461CEC5}.Debug|Any CPU.ActiveCfg = Debug|Any CPU
		{F6BFECAC-5103-4BEB-A524-6FCAF461CEC5}.Debug|Any CPU.Build.0 = Debug|Any CPU
		{F6BFECAC-5103-4BEB-A524-6FCAF461CEC5}.Release|Any CPU.ActiveCfg = Release|Any CPU
		{F6BFECAC-5103-4BEB-A524-6FCAF461CEC5}.Release|Any CPU.Build.0 = Release|Any CPU
		{AC736F08-EF55-46CB-A68D-2E2C37FEFB4E}.Debug|Any CPU.ActiveCfg = Debug|Any CPU
		{AC736F08-EF55-46CB-A68D-2E2C37FEFB4E}.Debug|Any CPU.Build.0 = Debug|Any CPU
		{AC736F08-EF55-46CB-A68D-2E2C37FEFB4E}.Release|Any CPU.ActiveCfg = Release|Any CPU
		{AC736F08-EF55-46CB-A68D-2E2C37FEFB4E}.Release|Any CPU.Build.0 = Release|Any CPU
	EndGlobalSection
EndGlobal
