
Microsoft Visual Studio Solution File, Format Version 12.00
# Visual Studio Version 17
VisualStudioVersion = 17.0.31903.59
MinimumVisualStudioVersion = 10.0.40219.1
Project("{FAE04EC0-301F-11D3-BF4B-00C04F79EFBC}") = "WorkingWithNumbers", "WorkingWithNumbers\WorkingWithNumbers.csproj", "{955E88C8-5846-45B8-B5BB-509425F88CA1}"
EndProject
Project("{FAE04EC0-301F-11D3-BF4B-00C04F79EFBC}") = "WorkingWithText", "WorkingWithText\WorkingWithText.csproj", "{464D8A2F-96D3-48C5-80EC-E6A010EB7F3D}"
EndProject
Project("{FAE04EC0-301F-11D3-BF4B-00C04F79EFBC}") = "WorkingWithRegularExpressions", "WorkingWithRegularExpressions\WorkingWithRegularExpressions.csproj", "{1D45A5C1-A982-40D5-8514-FD6883282324}"
EndProject
Project("{FAE04EC0-301F-11D3-BF4B-00C04F79EFBC}") = "WorkingWithRanges", "WorkingWithRanges\WorkingWithRanges.csproj", "{69A599D8-2F21-4C32-9F90-97F8FA15699D}"
EndProject
Global
	GlobalSection(SolutionConfigurationPlatforms) = preSolution
		Debug|Any CPU = Debug|Any CPU
		Release|Any CPU = Release|Any CPU
	EndGlobalSection
	GlobalSection(SolutionProperties) = preSolution
		HideSolutionNode = FALSE
	EndGlobalSection
	GlobalSection(ProjectConfigurationPlatforms) = postSolution
		{955E88C8-5846-45B8-B5BB-509425F88CA1}.Debug|Any CPU.ActiveCfg = Debug|Any CPU
		{955E88C8-5846-45B8-B5BB-509425F88CA1}.Debug|Any CPU.Build.0 = Debug|Any CPU
		{955E88C8-5846-45B8-B5BB-509425F88CA1}.Release|Any CPU.ActiveCfg = Release|Any CPU
		{955E88C8-5846-45B8-B5BB-509425F88CA1}.Release|Any CPU.Build.0 = Release|Any CPU
		{464D8A2F-96D3-48C5-80EC-E6A010EB7F3D}.Debug|Any CPU.ActiveCfg = Debug|Any CPU
		{464D8A2F-96D3-48C5-80EC-E6A010EB7F3D}.Debug|Any CPU.Build.0 = Debug|Any CPU
		{464D8A2F-96D3-48C5-80EC-E6A010EB7F3D}.Release|Any CPU.ActiveCfg = Release|Any CPU
		{464D8A2F-96D3-48C5-80EC-E6A010EB7F3D}.Release|Any CPU.Build.0 = Release|Any CPU
		{1D45A5C1-A982-40D5-8514-FD6883282324}.Debug|Any CPU.ActiveCfg = Debug|Any CPU
		{1D45A5C1-A982-40D5-8514-FD6883282324}.Debug|Any CPU.Build.0 = Debug|Any CPU
		{1D45A5C1-A982-40D5-8514-FD6883282324}.Release|Any CPU.ActiveCfg = Release|Any CPU
		{1D45A5C1-A982-40D5-8514-FD6883282324}.Release|Any CPU.Build.0 = Release|Any CPU
		{69A599D8-2F21-4C32-9F90-97F8FA15699D}.Debug|Any CPU.ActiveCfg = Debug|Any CPU
		{69A599D8-2F21-4C32-9F90-97F8FA15699D}.Debug|Any CPU.Build.0 = Debug|Any CPU
		{69A599D8-2F21-4C32-9F90-97F8FA15699D}.Release|Any CPU.ActiveCfg = Release|Any CPU
		{69A599D8-2F21-4C32-9F90-97F8FA15699D}.Release|Any CPU.Build.0 = Release|Any CPU
	EndGlobalSection
EndGlobal
